
Microsoft Visual Studio Solution File, Format Version 12.00
# Visual Studio Version 16
VisualStudioVersion = 16.0.30011.22
MinimumVisualStudioVersion = 10.0.40219.1
Project("{FAE04EC0-301F-11D3-BF4B-00C04F79EFBC}") = "MyBuilding", "MyBuilding\MyBuilding.csproj", "{876F15CB-9B71-48C6-B6BD-472D06F791F7}"
EndProject
Global
	GlobalSection(SolutionConfigurationPlatforms) = preSolution
		Debug|Any CPU = Debug|Any CPU
		Release|Any CPU = Release|Any CPU
	EndGlobalSection
	GlobalSection(ProjectConfigurationPlatforms) = postSolution
		{876F15CB-9B71-48C6-B6BD-472D06F791F7}.Debug|Any CPU.ActiveCfg = Debug|Any CPU
		{876F15CB-9B71-48C6-B6BD-472D06F791F7}.Debug|Any CPU.Build.0 = Debug|Any CPU
		{876F15CB-9B71-48C6-B6BD-472D06F791F7}.Release|Any CPU.ActiveCfg = Release|Any CPU
		{876F15CB-9B71-48C6-B6BD-472D06F791F7}.Release|Any CPU.Build.0 = Release|Any CPU
	EndGlobalSection
	GlobalSection(SolutionProperties) = preSolution
		HideSolutionNode = FALSE
	EndGlobalSection
	GlobalSection(ExtensibilityGlobals) = postSolution
		SolutionGuid = {12CE9B2D-7A03-4615-A684-CA9ED7DAC862}
	EndGlobalSection
EndGlobal
